
Microsoft Visual Studio Solution File, Format Version 12.00
# Visual Studio 15
VisualStudioVersion = 15.0.26720.2
MinimumVisualStudioVersion = 10.0.40219.1
Project("{9A19103F-16F7-4668-BE54-9A1E7A4F7556}") = "ShortestWinter", "ShortestWinter\ShortestWinter.csproj", "{A59DA30F-F309-4906-860F-ACAA76E40ADE}"
EndProject
Project("{9A19103F-16F7-4668-BE54-9A1E7A4F7556}") = "ShortestWinterTests", "ShortestWinterTests\ShortestWinterTests.csproj", "{CD55C5B6-B06E-44A1-BAED-AE3D16AF583F}"
EndProject
Global
	GlobalSection(SolutionConfigurationPlatforms) = preSolution
		Debug|Any CPU = Debug|Any CPU
		Release|Any CPU = Release|Any CPU
	EndGlobalSection
	GlobalSection(ProjectConfigurationPlatforms) = postSolution
		{A59DA30F-F309-4906-860F-ACAA76E40ADE}.Debug|Any CPU.ActiveCfg = Debug|Any CPU
		{A59DA30F-F309-4906-860F-ACAA76E40ADE}.Debug|Any CPU.Build.0 = Debug|Any CPU
		{A59DA30F-F309-4906-860F-ACAA76E40ADE}.Release|Any CPU.ActiveCfg = Release|Any CPU
		{A59DA30F-F309-4906-860F-ACAA76E40ADE}.Release|Any CPU.Build.0 = Release|Any CPU
		{CD55C5B6-B06E-44A1-BAED-AE3D16AF583F}.Debug|Any CPU.ActiveCfg = Debug|Any CPU
		{CD55C5B6-B06E-44A1-BAED-AE3D16AF583F}.Debug|Any CPU.Build.0 = Debug|Any CPU
		{CD55C5B6-B06E-44A1-BAED-AE3D16AF583F}.Release|Any CPU.ActiveCfg = Release|Any CPU
		{CD55C5B6-B06E-44A1-BAED-AE3D16AF583F}.Release|Any CPU.Build.0 = Release|Any CPU
	EndGlobalSection
	GlobalSection(SolutionProperties) = preSolution
		HideSolutionNode = FALSE
	EndGlobalSection
	GlobalSection(ExtensibilityGlobals) = postSolution
		SolutionGuid = {67986C45-19BA-4895-916F-B708868BD1B7}
	EndGlobalSection
EndGlobal
